
Microsoft Visual Studio Solution File, Format Version 12.00
Project("{FAE04EC0-301F-11D3-BF4B-00C04F79EFBC}") = "LinkRouter.Launcher", "src\LinkRouter.Launcher\LinkRouter.Launcher.csproj", "{EB7610A1-8CE2-43E7-A487-375D8F0B35BF}"
EndProject
Project("{9A19103F-16F7-4668-BE54-9A1E7A4F7556}") = "LinkRouter.Core", "src\LinkRouter.Core\LinkRouter.Core.csproj", "{AC9E6EFA-402C-4D3E-93A4-02E39AAE0C7B}"
EndProject
Project("{FAE04EC0-301F-11D3-BF4B-00C04F79EFBC}") = "LinkRouter.Settings", "src\LinkRouter.Settings\LinkRouter.Settings.csproj", "{1301BB17-B2A3-4711-BA1A-11BD56800A7D}"
EndProject
Project("{FAE04EC0-301F-11D3-BF4B-00C04F79EFBC}") = "LinkRouter.Settings.Tests", "tests\LinkRouter.Settings.Tests\LinkRouter.Settings.Tests.csproj", "{38685A29-44F1-4F36-B451-F64473C59311}"
EndProject
Global
	GlobalSection(SolutionConfigurationPlatforms) = preSolution
		Debug|Any CPU = Debug|Any CPU
		Debug|x64 = Debug|x64
		Debug|x86 = Debug|x86
		Release|Any CPU = Release|Any CPU
		Release|x64 = Release|x64
		Release|x86 = Release|x86
	EndGlobalSection
	GlobalSection(ProjectConfigurationPlatforms) = postSolution
		{EB7610A1-8CE2-43E7-A487-375D8F0B35BF}.Debug|Any CPU.ActiveCfg = Debug|Any CPU
		{EB7610A1-8CE2-43E7-A487-375D8F0B35BF}.Debug|Any CPU.Build.0 = Debug|Any CPU
		{EB7610A1-8CE2-43E7-A487-375D8F0B35BF}.Debug|x64.ActiveCfg = Debug|Any CPU
		{EB7610A1-8CE2-43E7-A487-375D8F0B35BF}.Debug|x64.Build.0 = Debug|Any CPU
		{EB7610A1-8CE2-43E7-A487-375D8F0B35BF}.Debug|x86.ActiveCfg = Debug|Any CPU
		{EB7610A1-8CE2-43E7-A487-375D8F0B35BF}.Debug|x86.Build.0 = Debug|Any CPU
		{EB7610A1-8CE2-43E7-A487-375D8F0B35BF}.Release|Any CPU.ActiveCfg = Release|Any CPU
		{EB7610A1-8CE2-43E7-A487-375D8F0B35BF}.Release|Any CPU.Build.0 = Release|Any CPU
		{EB7610A1-8CE2-43E7-A487-375D8F0B35BF}.Release|x64.ActiveCfg = Release|Any CPU
		{EB7610A1-8CE2-43E7-A487-375D8F0B35BF}.Release|x64.Build.0 = Release|Any CPU
		{EB7610A1-8CE2-43E7-A487-375D8F0B35BF}.Release|x86.ActiveCfg = Release|Any CPU
		{EB7610A1-8CE2-43E7-A487-375D8F0B35BF}.Release|x86.Build.0 = Release|Any CPU
		{AC9E6EFA-402C-4D3E-93A4-02E39AAE0C7B}.Debug|Any CPU.ActiveCfg = Debug|Any CPU
		{AC9E6EFA-402C-4D3E-93A4-02E39AAE0C7B}.Debug|Any CPU.Build.0 = Debug|Any CPU
		{AC9E6EFA-402C-4D3E-93A4-02E39AAE0C7B}.Debug|x64.ActiveCfg = Debug|Any CPU
		{AC9E6EFA-402C-4D3E-93A4-02E39AAE0C7B}.Debug|x64.Build.0 = Debug|Any CPU
		{AC9E6EFA-402C-4D3E-93A4-02E39AAE0C7B}.Debug|x86.ActiveCfg = Debug|Any CPU
		{AC9E6EFA-402C-4D3E-93A4-02E39AAE0C7B}.Debug|x86.Build.0 = Debug|Any CPU
		{AC9E6EFA-402C-4D3E-93A4-02E39AAE0C7B}.Release|Any CPU.ActiveCfg = Release|Any CPU
		{AC9E6EFA-402C-4D3E-93A4-02E39AAE0C7B}.Release|Any CPU.Build.0 = Release|Any CPU
		{AC9E6EFA-402C-4D3E-93A4-02E39AAE0C7B}.Release|x64.ActiveCfg = Release|Any CPU
		{AC9E6EFA-402C-4D3E-93A4-02E39AAE0C7B}.Release|x64.Build.0 = Release|Any CPU
		{AC9E6EFA-402C-4D3E-93A4-02E39AAE0C7B}.Release|x86.ActiveCfg = Release|Any CPU
		{AC9E6EFA-402C-4D3E-93A4-02E39AAE0C7B}.Release|x86.Build.0 = Release|Any CPU
		{1301BB17-B2A3-4711-BA1A-11BD56800A7D}.Debug|Any CPU.ActiveCfg = Debug|Any CPU
		{1301BB17-B2A3-4711-BA1A-11BD56800A7D}.Debug|Any CPU.Build.0 = Debug|Any CPU
		{1301BB17-B2A3-4711-BA1A-11BD56800A7D}.Debug|x64.ActiveCfg = Debug|Any CPU
		{1301BB17-B2A3-4711-BA1A-11BD56800A7D}.Debug|x64.Build.0 = Debug|Any CPU
		{1301BB17-B2A3-4711-BA1A-11BD56800A7D}.Debug|x86.ActiveCfg = Debug|Any CPU
		{1301BB17-B2A3-4711-BA1A-11BD56800A7D}.Debug|x86.Build.0 = Debug|Any CPU
		{1301BB17-B2A3-4711-BA1A-11BD56800A7D}.Release|Any CPU.ActiveCfg = Release|Any CPU
		{1301BB17-B2A3-4711-BA1A-11BD56800A7D}.Release|Any CPU.Build.0 = Release|Any CPU
		{1301BB17-B2A3-4711-BA1A-11BD56800A7D}.Release|x64.ActiveCfg = Release|Any CPU
		{1301BB17-B2A3-4711-BA1A-11BD56800A7D}.Release|x64.Build.0 = Release|Any CPU
                {1301BB17-B2A3-4711-BA1A-11BD56800A7D}.Release|x86.ActiveCfg = Release|Any CPU
                {1301BB17-B2A3-4711-BA1A-11BD56800A7D}.Release|x86.Build.0 = Release|Any CPU
                {38685A29-44F1-4F36-B451-F64473C59311}.Debug|Any CPU.ActiveCfg = Debug|Any CPU
                {38685A29-44F1-4F36-B451-F64473C59311}.Debug|Any CPU.Build.0 = Debug|Any CPU
                {38685A29-44F1-4F36-B451-F64473C59311}.Debug|x64.ActiveCfg = Debug|Any CPU
                {38685A29-44F1-4F36-B451-F64473C59311}.Debug|x64.Build.0 = Debug|Any CPU
                {38685A29-44F1-4F36-B451-F64473C59311}.Debug|x86.ActiveCfg = Debug|Any CPU
                {38685A29-44F1-4F36-B451-F64473C59311}.Debug|x86.Build.0 = Debug|Any CPU
                {38685A29-44F1-4F36-B451-F64473C59311}.Release|Any CPU.ActiveCfg = Release|Any CPU
                {38685A29-44F1-4F36-B451-F64473C59311}.Release|Any CPU.Build.0 = Release|Any CPU
                {38685A29-44F1-4F36-B451-F64473C59311}.Release|x64.ActiveCfg = Release|Any CPU
                {38685A29-44F1-4F36-B451-F64473C59311}.Release|x64.Build.0 = Release|Any CPU
                {38685A29-44F1-4F36-B451-F64473C59311}.Release|x86.ActiveCfg = Release|Any CPU
                {38685A29-44F1-4F36-B451-F64473C59311}.Release|x86.Build.0 = Release|Any CPU
        EndGlobalSection
	GlobalSection(SolutionProperties) = preSolution
		HideSolutionNode = FALSE
	EndGlobalSection
EndGlobal
