
Microsoft Visual Studio Solution File, Format Version 12.00
Project("{FAE04EC0-301F-11D3-BF4B-00C04F79EFBC}") = "LinkRouter", "LinkRouter\LinkRouter.csproj", "{EB7610A1-8CE2-43E7-A487-375D8F0B35BF}"
EndProject
Project("{9A19103F-16F7-4668-BE54-9A1E7A4F7556}") = "LinkRouter.Core", "LinkRouter.Core\LinkRouter.Core.csproj", "{AC9E6EFA-402C-4D3E-93A4-02E39AAE0C7B}"
EndProject
Project("{9A19103F-16F7-4668-BE54-9A1E7A4F7556}") = "LinkRouter.Settings", "LinkRouter.Settings\LinkRouter.Settings.csproj", "{1C7A2A21-45E8-4F72-AC5A-4CF760F2EC5A}"
EndProject
Project("{FAE04EC0-301F-11D3-BF4B-00C04F79EFBC}") = "LinkRouter.Settings.Tests", "LinkRouter.Settings.Tests\LinkRouter.Settings.Tests.csproj", "{97334F8F-F598-4FAA-8D84-E7A1DF19C3C3}"
EndProject
Project("{FAE04EC0-301F-11D3-BF4B-00C04F79EFBC}") = "LinkRouter.Settings.UITests", "LinkRouter.Settings.UITests\LinkRouter.Settings.UITests.csproj", "{FE98EB7F-60F4-4830-9719-E8EBC4C3FBCB}"
EndProject
Project("{FAE04EC0-301F-11D3-BF4B-00C04F79EFBC}") = "LinkRouter.Settings.Core", "LinkRouter.Settings.Core\LinkRouter.Settings.Core.csproj", "{D66B0352-A8E1-41AE-A7BD-2AD46331F1F2}"
EndProject
Project("{FAE04EC0-301F-11D3-BF4B-00C04F79EFBC}") = "LinkRouter.Settings.Avalonia", "LinkRouter.Settings.Avalonia\LinkRouter.Settings.Avalonia.csproj", "{133620D7-FBF6-4B48-94C4-E86AD907AB92}"
EndProject
Global
	GlobalSection(SolutionConfigurationPlatforms) = preSolution
		Debug|Any CPU = Debug|Any CPU
		Debug|x64 = Debug|x64
		Debug|x86 = Debug|x86
		Release|Any CPU = Release|Any CPU
		Release|x64 = Release|x64
		Release|x86 = Release|x86
	EndGlobalSection
	GlobalSection(ProjectConfigurationPlatforms) = postSolution
		{EB7610A1-8CE2-43E7-A487-375D8F0B35BF}.Debug|Any CPU.ActiveCfg = Debug|Any CPU
		{EB7610A1-8CE2-43E7-A487-375D8F0B35BF}.Debug|Any CPU.Build.0 = Debug|Any CPU
		{EB7610A1-8CE2-43E7-A487-375D8F0B35BF}.Debug|x64.ActiveCfg = Debug|Any CPU
		{EB7610A1-8CE2-43E7-A487-375D8F0B35BF}.Debug|x64.Build.0 = Debug|Any CPU
		{EB7610A1-8CE2-43E7-A487-375D8F0B35BF}.Debug|x86.ActiveCfg = Debug|Any CPU
		{EB7610A1-8CE2-43E7-A487-375D8F0B35BF}.Debug|x86.Build.0 = Debug|Any CPU
		{EB7610A1-8CE2-43E7-A487-375D8F0B35BF}.Release|Any CPU.ActiveCfg = Release|Any CPU
		{EB7610A1-8CE2-43E7-A487-375D8F0B35BF}.Release|Any CPU.Build.0 = Release|Any CPU
		{EB7610A1-8CE2-43E7-A487-375D8F0B35BF}.Release|x64.ActiveCfg = Release|Any CPU
		{EB7610A1-8CE2-43E7-A487-375D8F0B35BF}.Release|x64.Build.0 = Release|Any CPU
		{EB7610A1-8CE2-43E7-A487-375D8F0B35BF}.Release|x86.ActiveCfg = Release|Any CPU
		{EB7610A1-8CE2-43E7-A487-375D8F0B35BF}.Release|x86.Build.0 = Release|Any CPU
		{AC9E6EFA-402C-4D3E-93A4-02E39AAE0C7B}.Debug|Any CPU.ActiveCfg = Debug|Any CPU
		{AC9E6EFA-402C-4D3E-93A4-02E39AAE0C7B}.Debug|Any CPU.Build.0 = Debug|Any CPU
		{AC9E6EFA-402C-4D3E-93A4-02E39AAE0C7B}.Debug|x64.ActiveCfg = Debug|Any CPU
		{AC9E6EFA-402C-4D3E-93A4-02E39AAE0C7B}.Debug|x64.Build.0 = Debug|Any CPU
		{AC9E6EFA-402C-4D3E-93A4-02E39AAE0C7B}.Debug|x86.ActiveCfg = Debug|Any CPU
		{AC9E6EFA-402C-4D3E-93A4-02E39AAE0C7B}.Debug|x86.Build.0 = Debug|Any CPU
		{AC9E6EFA-402C-4D3E-93A4-02E39AAE0C7B}.Release|Any CPU.ActiveCfg = Release|Any CPU
		{AC9E6EFA-402C-4D3E-93A4-02E39AAE0C7B}.Release|Any CPU.Build.0 = Release|Any CPU
		{AC9E6EFA-402C-4D3E-93A4-02E39AAE0C7B}.Release|x64.ActiveCfg = Release|Any CPU
		{AC9E6EFA-402C-4D3E-93A4-02E39AAE0C7B}.Release|x64.Build.0 = Release|Any CPU
		{AC9E6EFA-402C-4D3E-93A4-02E39AAE0C7B}.Release|x86.ActiveCfg = Release|Any CPU
		{AC9E6EFA-402C-4D3E-93A4-02E39AAE0C7B}.Release|x86.Build.0 = Release|Any CPU
		{1C7A2A21-45E8-4F72-AC5A-4CF760F2EC5A}.Debug|Any CPU.ActiveCfg = Debug|x64
		{1C7A2A21-45E8-4F72-AC5A-4CF760F2EC5A}.Debug|Any CPU.Build.0 = Debug|x64
		{1C7A2A21-45E8-4F72-AC5A-4CF760F2EC5A}.Debug|x64.ActiveCfg = Debug|Any CPU
		{1C7A2A21-45E8-4F72-AC5A-4CF760F2EC5A}.Debug|x64.Build.0 = Debug|Any CPU
		{1C7A2A21-45E8-4F72-AC5A-4CF760F2EC5A}.Debug|x86.ActiveCfg = Debug|Any CPU
		{1C7A2A21-45E8-4F72-AC5A-4CF760F2EC5A}.Debug|x86.Build.0 = Debug|Any CPU
		{1C7A2A21-45E8-4F72-AC5A-4CF760F2EC5A}.Release|Any CPU.ActiveCfg = Release|x64
		{1C7A2A21-45E8-4F72-AC5A-4CF760F2EC5A}.Release|Any CPU.Build.0 = Release|x64
		{1C7A2A21-45E8-4F72-AC5A-4CF760F2EC5A}.Release|x64.ActiveCfg = Release|Any CPU
		{1C7A2A21-45E8-4F72-AC5A-4CF760F2EC5A}.Release|x64.Build.0 = Release|Any CPU
		{1C7A2A21-45E8-4F72-AC5A-4CF760F2EC5A}.Release|x86.ActiveCfg = Release|Any CPU
		{1C7A2A21-45E8-4F72-AC5A-4CF760F2EC5A}.Release|x86.Build.0 = Release|Any CPU
		{97334F8F-F598-4FAA-8D84-E7A1DF19C3C3}.Debug|Any CPU.ActiveCfg = Debug|x64
		{97334F8F-F598-4FAA-8D84-E7A1DF19C3C3}.Debug|Any CPU.Build.0 = Debug|x64
		{97334F8F-F598-4FAA-8D84-E7A1DF19C3C3}.Debug|x64.ActiveCfg = Debug|x64
		{97334F8F-F598-4FAA-8D84-E7A1DF19C3C3}.Debug|x64.Build.0 = Debug|x64
		{97334F8F-F598-4FAA-8D84-E7A1DF19C3C3}.Debug|x86.ActiveCfg = Debug|x64
		{97334F8F-F598-4FAA-8D84-E7A1DF19C3C3}.Debug|x86.Build.0 = Debug|x64
		{97334F8F-F598-4FAA-8D84-E7A1DF19C3C3}.Release|Any CPU.ActiveCfg = Release|x64
		{97334F8F-F598-4FAA-8D84-E7A1DF19C3C3}.Release|Any CPU.Build.0 = Release|x64
		{97334F8F-F598-4FAA-8D84-E7A1DF19C3C3}.Release|x64.ActiveCfg = Release|x64
		{97334F8F-F598-4FAA-8D84-E7A1DF19C3C3}.Release|x64.Build.0 = Release|x64
		{97334F8F-F598-4FAA-8D84-E7A1DF19C3C3}.Release|x86.ActiveCfg = Release|x64
		{97334F8F-F598-4FAA-8D84-E7A1DF19C3C3}.Release|x86.Build.0 = Release|x64
		{FE98EB7F-60F4-4830-9719-E8EBC4C3FBCB}.Debug|Any CPU.ActiveCfg = Debug|x64
		{FE98EB7F-60F4-4830-9719-E8EBC4C3FBCB}.Debug|Any CPU.Build.0 = Debug|x64
		{FE98EB7F-60F4-4830-9719-E8EBC4C3FBCB}.Debug|x64.ActiveCfg = Debug|x64
		{FE98EB7F-60F4-4830-9719-E8EBC4C3FBCB}.Debug|x64.Build.0 = Debug|x64
		{FE98EB7F-60F4-4830-9719-E8EBC4C3FBCB}.Debug|x86.ActiveCfg = Debug|x64
		{FE98EB7F-60F4-4830-9719-E8EBC4C3FBCB}.Debug|x86.Build.0 = Debug|x64
		{FE98EB7F-60F4-4830-9719-E8EBC4C3FBCB}.Release|Any CPU.ActiveCfg = Release|x64
		{FE98EB7F-60F4-4830-9719-E8EBC4C3FBCB}.Release|Any CPU.Build.0 = Release|x64
		{FE98EB7F-60F4-4830-9719-E8EBC4C3FBCB}.Release|x64.ActiveCfg = Release|x64
		{FE98EB7F-60F4-4830-9719-E8EBC4C3FBCB}.Release|x64.Build.0 = Release|x64
		{FE98EB7F-60F4-4830-9719-E8EBC4C3FBCB}.Release|x86.ActiveCfg = Release|x64
		{FE98EB7F-60F4-4830-9719-E8EBC4C3FBCB}.Release|x86.Build.0 = Release|x64
		{D66B0352-A8E1-41AE-A7BD-2AD46331F1F2}.Debug|Any CPU.ActiveCfg = Debug|Any CPU
		{D66B0352-A8E1-41AE-A7BD-2AD46331F1F2}.Debug|Any CPU.Build.0 = Debug|Any CPU
		{D66B0352-A8E1-41AE-A7BD-2AD46331F1F2}.Debug|x64.ActiveCfg = Debug|Any CPU
		{D66B0352-A8E1-41AE-A7BD-2AD46331F1F2}.Debug|x64.Build.0 = Debug|Any CPU
		{D66B0352-A8E1-41AE-A7BD-2AD46331F1F2}.Debug|x86.ActiveCfg = Debug|Any CPU
		{D66B0352-A8E1-41AE-A7BD-2AD46331F1F2}.Debug|x86.Build.0 = Debug|Any CPU
		{D66B0352-A8E1-41AE-A7BD-2AD46331F1F2}.Release|Any CPU.ActiveCfg = Release|Any CPU
		{D66B0352-A8E1-41AE-A7BD-2AD46331F1F2}.Release|Any CPU.Build.0 = Release|Any CPU
		{D66B0352-A8E1-41AE-A7BD-2AD46331F1F2}.Release|x64.ActiveCfg = Release|Any CPU
		{D66B0352-A8E1-41AE-A7BD-2AD46331F1F2}.Release|x64.Build.0 = Release|Any CPU
		{D66B0352-A8E1-41AE-A7BD-2AD46331F1F2}.Release|x86.ActiveCfg = Release|Any CPU
		{D66B0352-A8E1-41AE-A7BD-2AD46331F1F2}.Release|x86.Build.0 = Release|Any CPU
		{133620D7-FBF6-4B48-94C4-E86AD907AB92}.Debug|Any CPU.ActiveCfg = Debug|Any CPU
		{133620D7-FBF6-4B48-94C4-E86AD907AB92}.Debug|Any CPU.Build.0 = Debug|Any CPU
		{133620D7-FBF6-4B48-94C4-E86AD907AB92}.Debug|x64.ActiveCfg = Debug|Any CPU
		{133620D7-FBF6-4B48-94C4-E86AD907AB92}.Debug|x64.Build.0 = Debug|Any CPU
		{133620D7-FBF6-4B48-94C4-E86AD907AB92}.Debug|x86.ActiveCfg = Debug|Any CPU
		{133620D7-FBF6-4B48-94C4-E86AD907AB92}.Debug|x86.Build.0 = Debug|Any CPU
		{133620D7-FBF6-4B48-94C4-E86AD907AB92}.Release|Any CPU.ActiveCfg = Release|Any CPU
		{133620D7-FBF6-4B48-94C4-E86AD907AB92}.Release|Any CPU.Build.0 = Release|Any CPU
		{133620D7-FBF6-4B48-94C4-E86AD907AB92}.Release|x64.ActiveCfg = Release|Any CPU
		{133620D7-FBF6-4B48-94C4-E86AD907AB92}.Release|x64.Build.0 = Release|Any CPU
		{133620D7-FBF6-4B48-94C4-E86AD907AB92}.Release|x86.ActiveCfg = Release|Any CPU
		{133620D7-FBF6-4B48-94C4-E86AD907AB92}.Release|x86.Build.0 = Release|Any CPU
	EndGlobalSection
	GlobalSection(SolutionProperties) = preSolution
		HideSolutionNode = FALSE
	EndGlobalSection
EndGlobal
